
Microsoft Visual Studio Solution File, Format Version 12.00
# Visual Studio Version 17
VisualStudioVersion = 17.9.34616.47
MinimumVisualStudioVersion = 10.0.40219.1
Project("{9A19103F-16F7-4668-BE54-9A1E7A4F7556}") = "NetCoreLearn", "NetCoreLearn\NetCoreLearn.csproj", "{FE280E85-B463-479D-B32E-0E6C650E532E}"
EndProject
Global
	GlobalSection(SolutionConfigurationPlatforms) = preSolution
		Debug|Any CPU = Debug|Any CPU
		Release|Any CPU = Release|Any CPU
	EndGlobalSection
	GlobalSection(ProjectConfigurationPlatforms) = postSolution
		{FE280E85-B463-479D-B32E-0E6C650E532E}.Debug|Any CPU.ActiveCfg = Debug|Any CPU
		{FE280E85-B463-479D-B32E-0E6C650E532E}.Debug|Any CPU.Build.0 = Debug|Any CPU
		{FE280E85-B463-479D-B32E-0E6C650E532E}.Release|Any CPU.ActiveCfg = Release|Any CPU
		{FE280E85-B463-479D-B32E-0E6C650E532E}.Release|Any CPU.Build.0 = Release|Any CPU
	EndGlobalSection
	GlobalSection(SolutionProperties) = preSolution
		HideSolutionNode = FALSE
	EndGlobalSection
	GlobalSection(ExtensibilityGlobals) = postSolution
		SolutionGuid = {0F729EF5-90B6-4BE8-A893-5CD1E1D348AE}
	EndGlobalSection
EndGlobal
