
Microsoft Visual Studio Solution File, Format Version 12.00
# Visual Studio Version 17
VisualStudioVersion = 17.9.34616.47
MinimumVisualStudioVersion = 10.0.40219.1
Project("{FAE04EC0-301F-11D3-BF4B-00C04F79EFBC}") = "2024Learn", "2024Learn\2024Learn.csproj", "{5F468578-7EE3-410F-BF68-A7864FFA98FF}"
EndProject
Project("{FAE04EC0-301F-11D3-BF4B-00C04F79EFBC}") = "NetCoreLearn", "NetCoreLearn\NetCoreLearn.csproj", "{FE280E85-B463-479D-B32E-0E6C650E532E}"
EndProject
Global
	GlobalSection(SolutionConfigurationPlatforms) = preSolution
		Debug|Any CPU = Debug|Any CPU
		Release|Any CPU = Release|Any CPU
	EndGlobalSection
	GlobalSection(ProjectConfigurationPlatforms) = postSolution
		{5F468578-7EE3-410F-BF68-A7864FFA98FF}.Debug|Any CPU.ActiveCfg = Debug|Any CPU
		{5F468578-7EE3-410F-BF68-A7864FFA98FF}.Debug|Any CPU.Build.0 = Debug|Any CPU
		{5F468578-7EE3-410F-BF68-A7864FFA98FF}.Release|Any CPU.ActiveCfg = Release|Any CPU
		{5F468578-7EE3-410F-BF68-A7864FFA98FF}.Release|Any CPU.Build.0 = Release|Any CPU
		{FE280E85-B463-479D-B32E-0E6C650E532E}.Debug|Any CPU.ActiveCfg = Debug|Any CPU
		{FE280E85-B463-479D-B32E-0E6C650E532E}.Debug|Any CPU.Build.0 = Debug|Any CPU
		{FE280E85-B463-479D-B32E-0E6C650E532E}.Release|Any CPU.ActiveCfg = Release|Any CPU
		{FE280E85-B463-479D-B32E-0E6C650E532E}.Release|Any CPU.Build.0 = Release|Any CPU
	EndGlobalSection
	GlobalSection(SolutionProperties) = preSolution
		HideSolutionNode = FALSE
	EndGlobalSection
	GlobalSection(ExtensibilityGlobals) = postSolution
		SolutionGuid = {0F729EF5-90B6-4BE8-A893-5CD1E1D348AE}
	EndGlobalSection
EndGlobal
